
Microsoft Visual Studio Solution File, Format Version 12.00
# Visual Studio 2013
VisualStudioVersion = 12.0.31101.0
MinimumVisualStudioVersion = 10.0.40219.1
Project("{8BC9CEB8-8B4A-11D0-8D11-00A0C91BC942}") = "ScriptEnginer", "ModuleBuild\ModuleBuild.vcxproj", "{81F4322A-874E-42E5-BE35-4C3E7C5CBDC6}"
EndProject
Project("{8BC9CEB8-8B4A-11D0-8D11-00A0C91BC942}") = "GameMode", "BootMode\BootMode.vcxproj", "{48205670-AB7F-49CB-82C3-2B0111335550}"
EndProject
Project("{8BC9CEB8-8B4A-11D0-8D11-00A0C91BC942}") = "寻路算法", "寻路算法\寻路算法.vcxproj", "{A8D8FF58-C461-4743-BAF0-6FD72ABA5046}"
EndProject
Project("{8BC9CEB8-8B4A-11D0-8D11-00A0C91BC942}") = "障碍图片信息提取", "图片\图片.vcxproj", "{B8765DC6-A119-4906-83A6-9F7A8EE3801B}"
EndProject
Project("{8BC9CEB8-8B4A-11D0-8D11-00A0C91BC942}") = "GuiTry", "GuiTry\GuiTry.vcxproj", "{5ACBBD15-C7F5-445F-A246-D9B14DE79F40}"
EndProject
Project("{8BC9CEB8-8B4A-11D0-8D11-00A0C91BC942}") = "joyGui", "joyGui\joyGui.vcxproj", "{ED079BEF-6927-44AD-98D4-883ECA766E2A}"
EndProject
Project("{8BC9CEB8-8B4A-11D0-8D11-00A0C91BC942}") = "圆角矩形", "圆角矩形\圆角矩形.vcxproj", "{E7E661B4-17BE-4FF8-B7DF-CEFAC1729E3E}"
EndProject
Project("{8BC9CEB8-8B4A-11D0-8D11-00A0C91BC942}") = "字体", "字体\字体.vcxproj", "{9B6F1FD4-6754-49C5-B001-784E9CC7D6D8}"
EndProject
Project("{8BC9CEB8-8B4A-11D0-8D11-00A0C91BC942}") = "变长参数", "变长参数\变长参数.vcxproj", "{6370C598-01A7-4D8A-B82D-692897F58667}"
EndProject
Project("{8BC9CEB8-8B4A-11D0-8D11-00A0C91BC942}") = "c_str()函数", "c_str()函数\c_str()函数.vcxproj", "{BB40BDC3-01E7-47DB-9C13-36D56D1081E6}"
EndProject
Project("{8BC9CEB8-8B4A-11D0-8D11-00A0C91BC942}") = "package", "package\package.vcxproj", "{8440AFBF-924E-4DC6-BE4C-5D7D3E5EEB49}"
EndProject
Project("{8BC9CEB8-8B4A-11D0-8D11-00A0C91BC942}") = "hashtable", "hashtable\hashtable.vcxproj", "{231282C9-9F6E-4A62-AEC6-0B5D52109C59}"
EndProject
Project("{8BC9CEB8-8B4A-11D0-8D11-00A0C91BC942}") = "packageEditor", "packageEditor\packageEditor.vcxproj", "{12DA44C0-57DF-46F4-B2E7-3085A7099CCC}"
EndProject
Project("{8BC9CEB8-8B4A-11D0-8D11-00A0C91BC942}") = "HGE+CEGUI", "HGE+CEGUI\HGE+CEGUI.vcxproj", "{4E0D9E07-065B-4838-A362-B746B15CEF32}"
EndProject
Project("{8BC9CEB8-8B4A-11D0-8D11-00A0C91BC942}") = "boost.signal", "boost.signal\boost.signal.vcxproj", "{BFC17FBF-D162-4920-9B39-22DC2DE208F9}"
EndProject
Project("{8BC9CEB8-8B4A-11D0-8D11-00A0C91BC942}") = "CEGUIDirect3D9Renderer-0", "..\..\cegui\cegui-0.8.4\pro\cegui\src\RendererModules\Direct3D9\CEGUIDirect3D9Renderer-0.vcxproj", "{EA94E4B8-EB66-4578-9117-5EF37CAB3E4C}"
EndProject
Global
	GlobalSection(SolutionConfigurationPlatforms) = preSolution
		Debug|Win32 = Debug|Win32
		MinSizeRel|Win32 = MinSizeRel|Win32
		Release|Win32 = Release|Win32
		RelWithDebInfo|Win32 = RelWithDebInfo|Win32
	EndGlobalSection
	GlobalSection(ProjectConfigurationPlatforms) = postSolution
		{81F4322A-874E-42E5-BE35-4C3E7C5CBDC6}.Debug|Win32.ActiveCfg = Debug|Win32
		{81F4322A-874E-42E5-BE35-4C3E7C5CBDC6}.Debug|Win32.Build.0 = Debug|Win32
		{81F4322A-874E-42E5-BE35-4C3E7C5CBDC6}.MinSizeRel|Win32.ActiveCfg = Release|Win32
		{81F4322A-874E-42E5-BE35-4C3E7C5CBDC6}.MinSizeRel|Win32.Build.0 = Release|Win32
		{81F4322A-874E-42E5-BE35-4C3E7C5CBDC6}.Release|Win32.ActiveCfg = Release|Win32
		{81F4322A-874E-42E5-BE35-4C3E7C5CBDC6}.Release|Win32.Build.0 = Release|Win32
		{81F4322A-874E-42E5-BE35-4C3E7C5CBDC6}.RelWithDebInfo|Win32.ActiveCfg = Release|Win32
		{81F4322A-874E-42E5-BE35-4C3E7C5CBDC6}.RelWithDebInfo|Win32.Build.0 = Release|Win32
		{48205670-AB7F-49CB-82C3-2B0111335550}.Debug|Win32.ActiveCfg = Debug|Win32
		{48205670-AB7F-49CB-82C3-2B0111335550}.Debug|Win32.Build.0 = Debug|Win32
		{48205670-AB7F-49CB-82C3-2B0111335550}.MinSizeRel|Win32.ActiveCfg = Release|Win32
		{48205670-AB7F-49CB-82C3-2B0111335550}.MinSizeRel|Win32.Build.0 = Release|Win32
		{48205670-AB7F-49CB-82C3-2B0111335550}.Release|Win32.ActiveCfg = Release|Win32
		{48205670-AB7F-49CB-82C3-2B0111335550}.Release|Win32.Build.0 = Release|Win32
		{48205670-AB7F-49CB-82C3-2B0111335550}.RelWithDebInfo|Win32.ActiveCfg = Release|Win32
		{48205670-AB7F-49CB-82C3-2B0111335550}.RelWithDebInfo|Win32.Build.0 = Release|Win32
		{A8D8FF58-C461-4743-BAF0-6FD72ABA5046}.Debug|Win32.ActiveCfg = Debug|Win32
		{A8D8FF58-C461-4743-BAF0-6FD72ABA5046}.Debug|Win32.Build.0 = Debug|Win32
		{A8D8FF58-C461-4743-BAF0-6FD72ABA5046}.MinSizeRel|Win32.ActiveCfg = Release|Win32
		{A8D8FF58-C461-4743-BAF0-6FD72ABA5046}.MinSizeRel|Win32.Build.0 = Release|Win32
		{A8D8FF58-C461-4743-BAF0-6FD72ABA5046}.Release|Win32.ActiveCfg = Release|Win32
		{A8D8FF58-C461-4743-BAF0-6FD72ABA5046}.Release|Win32.Build.0 = Release|Win32
		{A8D8FF58-C461-4743-BAF0-6FD72ABA5046}.RelWithDebInfo|Win32.ActiveCfg = Release|Win32
		{A8D8FF58-C461-4743-BAF0-6FD72ABA5046}.RelWithDebInfo|Win32.Build.0 = Release|Win32
		{B8765DC6-A119-4906-83A6-9F7A8EE3801B}.Debug|Win32.ActiveCfg = Debug|Win32
		{B8765DC6-A119-4906-83A6-9F7A8EE3801B}.Debug|Win32.Build.0 = Debug|Win32
		{B8765DC6-A119-4906-83A6-9F7A8EE3801B}.MinSizeRel|Win32.ActiveCfg = Release|Win32
		{B8765DC6-A119-4906-83A6-9F7A8EE3801B}.MinSizeRel|Win32.Build.0 = Release|Win32
		{B8765DC6-A119-4906-83A6-9F7A8EE3801B}.Release|Win32.ActiveCfg = Release|Win32
		{B8765DC6-A119-4906-83A6-9F7A8EE3801B}.Release|Win32.Build.0 = Release|Win32
		{B8765DC6-A119-4906-83A6-9F7A8EE3801B}.RelWithDebInfo|Win32.ActiveCfg = Release|Win32
		{B8765DC6-A119-4906-83A6-9F7A8EE3801B}.RelWithDebInfo|Win32.Build.0 = Release|Win32
		{5ACBBD15-C7F5-445F-A246-D9B14DE79F40}.Debug|Win32.ActiveCfg = Debug|Win32
		{5ACBBD15-C7F5-445F-A246-D9B14DE79F40}.Debug|Win32.Build.0 = Debug|Win32
		{5ACBBD15-C7F5-445F-A246-D9B14DE79F40}.MinSizeRel|Win32.ActiveCfg = Release|Win32
		{5ACBBD15-C7F5-445F-A246-D9B14DE79F40}.MinSizeRel|Win32.Build.0 = Release|Win32
		{5ACBBD15-C7F5-445F-A246-D9B14DE79F40}.Release|Win32.ActiveCfg = Release|Win32
		{5ACBBD15-C7F5-445F-A246-D9B14DE79F40}.Release|Win32.Build.0 = Release|Win32
		{5ACBBD15-C7F5-445F-A246-D9B14DE79F40}.RelWithDebInfo|Win32.ActiveCfg = Release|Win32
		{5ACBBD15-C7F5-445F-A246-D9B14DE79F40}.RelWithDebInfo|Win32.Build.0 = Release|Win32
		{ED079BEF-6927-44AD-98D4-883ECA766E2A}.Debug|Win32.ActiveCfg = Debug|Win32
		{ED079BEF-6927-44AD-98D4-883ECA766E2A}.Debug|Win32.Build.0 = Debug|Win32
		{ED079BEF-6927-44AD-98D4-883ECA766E2A}.MinSizeRel|Win32.ActiveCfg = Release|Win32
		{ED079BEF-6927-44AD-98D4-883ECA766E2A}.MinSizeRel|Win32.Build.0 = Release|Win32
		{ED079BEF-6927-44AD-98D4-883ECA766E2A}.Release|Win32.ActiveCfg = Release|Win32
		{ED079BEF-6927-44AD-98D4-883ECA766E2A}.Release|Win32.Build.0 = Release|Win32
		{ED079BEF-6927-44AD-98D4-883ECA766E2A}.RelWithDebInfo|Win32.ActiveCfg = Release|Win32
		{ED079BEF-6927-44AD-98D4-883ECA766E2A}.RelWithDebInfo|Win32.Build.0 = Release|Win32
		{E7E661B4-17BE-4FF8-B7DF-CEFAC1729E3E}.Debug|Win32.ActiveCfg = Debug|Win32
		{E7E661B4-17BE-4FF8-B7DF-CEFAC1729E3E}.Debug|Win32.Build.0 = Debug|Win32
		{E7E661B4-17BE-4FF8-B7DF-CEFAC1729E3E}.MinSizeRel|Win32.ActiveCfg = Release|Win32
		{E7E661B4-17BE-4FF8-B7DF-CEFAC1729E3E}.MinSizeRel|Win32.Build.0 = Release|Win32
		{E7E661B4-17BE-4FF8-B7DF-CEFAC1729E3E}.Release|Win32.ActiveCfg = Release|Win32
		{E7E661B4-17BE-4FF8-B7DF-CEFAC1729E3E}.Release|Win32.Build.0 = Release|Win32
		{E7E661B4-17BE-4FF8-B7DF-CEFAC1729E3E}.RelWithDebInfo|Win32.ActiveCfg = Release|Win32
		{E7E661B4-17BE-4FF8-B7DF-CEFAC1729E3E}.RelWithDebInfo|Win32.Build.0 = Release|Win32
		{9B6F1FD4-6754-49C5-B001-784E9CC7D6D8}.Debug|Win32.ActiveCfg = Debug|Win32
		{9B6F1FD4-6754-49C5-B001-784E9CC7D6D8}.Debug|Win32.Build.0 = Debug|Win32
		{9B6F1FD4-6754-49C5-B001-784E9CC7D6D8}.MinSizeRel|Win32.ActiveCfg = Release|Win32
		{9B6F1FD4-6754-49C5-B001-784E9CC7D6D8}.MinSizeRel|Win32.Build.0 = Release|Win32
		{9B6F1FD4-6754-49C5-B001-784E9CC7D6D8}.Release|Win32.ActiveCfg = Release|Win32
		{9B6F1FD4-6754-49C5-B001-784E9CC7D6D8}.Release|Win32.Build.0 = Release|Win32
		{9B6F1FD4-6754-49C5-B001-784E9CC7D6D8}.RelWithDebInfo|Win32.ActiveCfg = Release|Win32
		{9B6F1FD4-6754-49C5-B001-784E9CC7D6D8}.RelWithDebInfo|Win32.Build.0 = Release|Win32
		{6370C598-01A7-4D8A-B82D-692897F58667}.Debug|Win32.ActiveCfg = Debug|Win32
		{6370C598-01A7-4D8A-B82D-692897F58667}.Debug|Win32.Build.0 = Debug|Win32
		{6370C598-01A7-4D8A-B82D-692897F58667}.MinSizeRel|Win32.ActiveCfg = Release|Win32
		{6370C598-01A7-4D8A-B82D-692897F58667}.MinSizeRel|Win32.Build.0 = Release|Win32
		{6370C598-01A7-4D8A-B82D-692897F58667}.Release|Win32.ActiveCfg = Release|Win32
		{6370C598-01A7-4D8A-B82D-692897F58667}.Release|Win32.Build.0 = Release|Win32
		{6370C598-01A7-4D8A-B82D-692897F58667}.RelWithDebInfo|Win32.ActiveCfg = Release|Win32
		{6370C598-01A7-4D8A-B82D-692897F58667}.RelWithDebInfo|Win32.Build.0 = Release|Win32
		{BB40BDC3-01E7-47DB-9C13-36D56D1081E6}.Debug|Win32.ActiveCfg = Debug|Win32
		{BB40BDC3-01E7-47DB-9C13-36D56D1081E6}.Debug|Win32.Build.0 = Debug|Win32
		{BB40BDC3-01E7-47DB-9C13-36D56D1081E6}.MinSizeRel|Win32.ActiveCfg = Release|Win32
		{BB40BDC3-01E7-47DB-9C13-36D56D1081E6}.MinSizeRel|Win32.Build.0 = Release|Win32
		{BB40BDC3-01E7-47DB-9C13-36D56D1081E6}.Release|Win32.ActiveCfg = Release|Win32
		{BB40BDC3-01E7-47DB-9C13-36D56D1081E6}.Release|Win32.Build.0 = Release|Win32
		{BB40BDC3-01E7-47DB-9C13-36D56D1081E6}.RelWithDebInfo|Win32.ActiveCfg = Release|Win32
		{BB40BDC3-01E7-47DB-9C13-36D56D1081E6}.RelWithDebInfo|Win32.Build.0 = Release|Win32
		{8440AFBF-924E-4DC6-BE4C-5D7D3E5EEB49}.Debug|Win32.ActiveCfg = Debug|Win32
		{8440AFBF-924E-4DC6-BE4C-5D7D3E5EEB49}.Debug|Win32.Build.0 = Debug|Win32
		{8440AFBF-924E-4DC6-BE4C-5D7D3E5EEB49}.MinSizeRel|Win32.ActiveCfg = Release|Win32
		{8440AFBF-924E-4DC6-BE4C-5D7D3E5EEB49}.MinSizeRel|Win32.Build.0 = Release|Win32
		{8440AFBF-924E-4DC6-BE4C-5D7D3E5EEB49}.Release|Win32.ActiveCfg = Release|Win32
		{8440AFBF-924E-4DC6-BE4C-5D7D3E5EEB49}.Release|Win32.Build.0 = Release|Win32
		{8440AFBF-924E-4DC6-BE4C-5D7D3E5EEB49}.RelWithDebInfo|Win32.ActiveCfg = Release|Win32
		{8440AFBF-924E-4DC6-BE4C-5D7D3E5EEB49}.RelWithDebInfo|Win32.Build.0 = Release|Win32
		{231282C9-9F6E-4A62-AEC6-0B5D52109C59}.Debug|Win32.ActiveCfg = Debug|Win32
		{231282C9-9F6E-4A62-AEC6-0B5D52109C59}.Debug|Win32.Build.0 = Debug|Win32
		{231282C9-9F6E-4A62-AEC6-0B5D52109C59}.MinSizeRel|Win32.ActiveCfg = Release|Win32
		{231282C9-9F6E-4A62-AEC6-0B5D52109C59}.MinSizeRel|Win32.Build.0 = Release|Win32
		{231282C9-9F6E-4A62-AEC6-0B5D52109C59}.Release|Win32.ActiveCfg = Release|Win32
		{231282C9-9F6E-4A62-AEC6-0B5D52109C59}.Release|Win32.Build.0 = Release|Win32
		{231282C9-9F6E-4A62-AEC6-0B5D52109C59}.RelWithDebInfo|Win32.ActiveCfg = Release|Win32
		{231282C9-9F6E-4A62-AEC6-0B5D52109C59}.RelWithDebInfo|Win32.Build.0 = Release|Win32
		{12DA44C0-57DF-46F4-B2E7-3085A7099CCC}.Debug|Win32.ActiveCfg = Debug|Win32
		{12DA44C0-57DF-46F4-B2E7-3085A7099CCC}.Debug|Win32.Build.0 = Debug|Win32
		{12DA44C0-57DF-46F4-B2E7-3085A7099CCC}.MinSizeRel|Win32.ActiveCfg = Release|Win32
		{12DA44C0-57DF-46F4-B2E7-3085A7099CCC}.MinSizeRel|Win32.Build.0 = Release|Win32
		{12DA44C0-57DF-46F4-B2E7-3085A7099CCC}.Release|Win32.ActiveCfg = Release|Win32
		{12DA44C0-57DF-46F4-B2E7-3085A7099CCC}.Release|Win32.Build.0 = Release|Win32
		{12DA44C0-57DF-46F4-B2E7-3085A7099CCC}.RelWithDebInfo|Win32.ActiveCfg = Release|Win32
		{12DA44C0-57DF-46F4-B2E7-3085A7099CCC}.RelWithDebInfo|Win32.Build.0 = Release|Win32
		{4E0D9E07-065B-4838-A362-B746B15CEF32}.Debug|Win32.ActiveCfg = Debug|Win32
		{4E0D9E07-065B-4838-A362-B746B15CEF32}.Debug|Win32.Build.0 = Debug|Win32
		{4E0D9E07-065B-4838-A362-B746B15CEF32}.MinSizeRel|Win32.ActiveCfg = Release|Win32
		{4E0D9E07-065B-4838-A362-B746B15CEF32}.MinSizeRel|Win32.Build.0 = Release|Win32
		{4E0D9E07-065B-4838-A362-B746B15CEF32}.Release|Win32.ActiveCfg = Release|Win32
		{4E0D9E07-065B-4838-A362-B746B15CEF32}.Release|Win32.Build.0 = Release|Win32
		{4E0D9E07-065B-4838-A362-B746B15CEF32}.RelWithDebInfo|Win32.ActiveCfg = Release|Win32
		{4E0D9E07-065B-4838-A362-B746B15CEF32}.RelWithDebInfo|Win32.Build.0 = Release|Win32
		{BFC17FBF-D162-4920-9B39-22DC2DE208F9}.Debug|Win32.ActiveCfg = Debug|Win32
		{BFC17FBF-D162-4920-9B39-22DC2DE208F9}.Debug|Win32.Build.0 = Debug|Win32
		{BFC17FBF-D162-4920-9B39-22DC2DE208F9}.MinSizeRel|Win32.ActiveCfg = Release|Win32
		{BFC17FBF-D162-4920-9B39-22DC2DE208F9}.MinSizeRel|Win32.Build.0 = Release|Win32
		{BFC17FBF-D162-4920-9B39-22DC2DE208F9}.Release|Win32.ActiveCfg = Release|Win32
		{BFC17FBF-D162-4920-9B39-22DC2DE208F9}.Release|Win32.Build.0 = Release|Win32
		{BFC17FBF-D162-4920-9B39-22DC2DE208F9}.RelWithDebInfo|Win32.ActiveCfg = Release|Win32
		{BFC17FBF-D162-4920-9B39-22DC2DE208F9}.RelWithDebInfo|Win32.Build.0 = Release|Win32
		{EA94E4B8-EB66-4578-9117-5EF37CAB3E4C}.Debug|Win32.ActiveCfg = Debug|Win32
		{EA94E4B8-EB66-4578-9117-5EF37CAB3E4C}.Debug|Win32.Build.0 = Debug|Win32
		{EA94E4B8-EB66-4578-9117-5EF37CAB3E4C}.MinSizeRel|Win32.ActiveCfg = MinSizeRel|Win32
		{EA94E4B8-EB66-4578-9117-5EF37CAB3E4C}.MinSizeRel|Win32.Build.0 = MinSizeRel|Win32
		{EA94E4B8-EB66-4578-9117-5EF37CAB3E4C}.Release|Win32.ActiveCfg = Release|Win32
		{EA94E4B8-EB66-4578-9117-5EF37CAB3E4C}.Release|Win32.Build.0 = Release|Win32
		{EA94E4B8-EB66-4578-9117-5EF37CAB3E4C}.RelWithDebInfo|Win32.ActiveCfg = RelWithDebInfo|Win32
		{EA94E4B8-EB66-4578-9117-5EF37CAB3E4C}.RelWithDebInfo|Win32.Build.0 = RelWithDebInfo|Win32
	EndGlobalSection
	GlobalSection(SolutionProperties) = preSolution
		HideSolutionNode = FALSE
	EndGlobalSection
EndGlobal
